
Microsoft Visual Studio Solution File, Format Version 12.00
# Visual Studio Version 17
VisualStudioVersion = 17.5.33516.290
MinimumVisualStudioVersion = 10.0.40219.1
Project("{FAE04EC0-301F-11D3-BF4B-00C04F79EFBC}") = "SankeAndLadderGameProblem-1", "SankeAndLadderGameProblem-1\SankeAndLadderGameProblem-1.csproj", "{EF1ED2F5-24F0-4E7F-A17F-19FF84205CF3}"
EndProject
Global
	GlobalSection(SolutionConfigurationPlatforms) = preSolution
		Debug|Any CPU = Debug|Any CPU
		Release|Any CPU = Release|Any CPU
	EndGlobalSection
	GlobalSection(ProjectConfigurationPlatforms) = postSolution
		{EF1ED2F5-24F0-4E7F-A17F-19FF84205CF3}.Debug|Any CPU.ActiveCfg = Debug|Any CPU
		{EF1ED2F5-24F0-4E7F-A17F-19FF84205CF3}.Debug|Any CPU.Build.0 = Debug|Any CPU
		{EF1ED2F5-24F0-4E7F-A17F-19FF84205CF3}.Release|Any CPU.ActiveCfg = Release|Any CPU
		{EF1ED2F5-24F0-4E7F-A17F-19FF84205CF3}.Release|Any CPU.Build.0 = Release|Any CPU
	EndGlobalSection
	GlobalSection(SolutionProperties) = preSolution
		HideSolutionNode = FALSE
	EndGlobalSection
	GlobalSection(ExtensibilityGlobals) = postSolution
		SolutionGuid = {BE6FC76E-0BD2-40B0-BB2E-BAF5A3212C48}
	EndGlobalSection
EndGlobal
